{
  "lockfileVersion": 1,
  "workspaces": {
    "": {
      "name": "fluentui-preact-icons",
      "devDependencies": {
        "@fluentui/react-icons": "^2.0.279",
        "@fluentui/svg-icons": "^1.1.279",
        "@types/bun": "latest",
        "preact": "^10.26.4",
      },
      "peerDependencies": {
        "typescript": "^5",
      },
    },
  },
  "packages": {
    "@babel/runtime": ["@babel/runtime@7.26.10", "", { "dependencies": { "regenerator-runtime": "^0.14.0" } }, "sha512-2WJMeRQPHKSPemqk/awGrAiuFfzBmOIPXKizAsVhWH9YJqLZ0H+HS4c8loHGgW6utJ3E/ejXQUsiGaQy2NZ9Fw=="],

    "@emotion/hash": ["@emotion/hash@0.9.2", "", {}, "sha512-MyqliTZGuOm3+5ZRSaaBGP3USLw6+EGykkwZns2EPC5g8jJ4z9OrdZY9apkl3+UP9+sdz76YYkwCKP5gh8iY3g=="],

    "@fluentui/react-icons": ["@fluentui/react-icons@2.0.279", "", { "dependencies": { "@griffel/react": "^1.0.0", "tslib": "^2.1.0" }, "peerDependencies": { "react": ">=16.8.0 <19.0.0" } }, "sha512-117W2i9zgJ+S9MpnjE7EtXwYRNC6J3u4El47lQPkc4m1qZolXa8xDYvwo14CiqO0pe3Eh1jFSCfyshMNvASaeA=="],

    "@fluentui/svg-icons": ["@fluentui/svg-icons@1.1.279", "", {}, "sha512-aAR5xcrTRda3OXsJHK/d4UAGBKXWwPppMaQaOTSdR7f5D3bJ1pi+6rgASJDbS5cro9x4Z+G7Czug3PpFbvCoMg=="],

    "@griffel/core": ["@griffel/core@1.19.1", "", { "dependencies": { "@emotion/hash": "^0.9.0", "@griffel/style-types": "^1.3.0", "csstype": "^3.1.3", "rtl-css-js": "^1.16.1", "stylis": "^4.2.0", "tslib": "^2.1.0" } }, "sha512-ZItAAOm8YH1FW0ebzOxS3jwENqd+Dz4CGiPEdgkL4kr7D6mBpjjBbQC6VRXxnA+VqHeEQGy69Ll4M1peY8MX/g=="],

    "@griffel/react": ["@griffel/react@1.5.29", "", { "dependencies": { "@griffel/core": "^1.19.1", "tslib": "^2.1.0" }, "peerDependencies": { "react": ">=16.8.0 <19.0.0" } }, "sha512-xKenEIfV2PnLKVsM8yp2ZCUTknh2790937XlI88zDaO9TC8ylG10mZ3MrcgCdSecrVjKq9JKmm24tsODpkh4pw=="],

    "@griffel/style-types": ["@griffel/style-types@1.3.0", "", { "dependencies": { "csstype": "^3.1.3" } }, "sha512-bHwD3sUE84Xwv4dH011gOKe1jul77M1S6ZFN9Tnq8pvZ48UMdY//vtES6fv7GRS5wXYT4iqxQPBluAiYAfkpmw=="],

    "@types/bun": ["@types/bun@1.2.5", "", { "dependencies": { "bun-types": "1.2.5" } }, "sha512-w2OZTzrZTVtbnJew1pdFmgV99H0/L+Pvw+z1P67HaR18MHOzYnTYOi6qzErhK8HyT+DB782ADVPPE92Xu2/Opg=="],

    "@types/node": ["@types/node@22.13.10", "", { "dependencies": { "undici-types": "~6.20.0" } }, "sha512-I6LPUvlRH+O6VRUqYOcMudhaIdUVWfsjnZavnsraHvpBwaEyMN29ry+0UVJhImYL16xsscu0aske3yA+uPOWfw=="],

    "@types/ws": ["@types/ws@8.5.14", "", { "dependencies": { "@types/node": "*" } }, "sha512-bd/YFLW+URhBzMXurx7lWByOu+xzU9+kb3RboOteXYDfW+tr+JZa99OyNmPINEGB/ahzKrEuc8rcv4gnpJmxTw=="],

    "bun-types": ["bun-types@1.2.5", "", { "dependencies": { "@types/node": "*", "@types/ws": "~8.5.10" } }, "sha512-3oO6LVGGRRKI4kHINx5PIdIgnLRb7l/SprhzqXapmoYkFl5m4j6EvALvbDVuuBFaamB46Ap6HCUxIXNLCGy+tg=="],

    "csstype": ["csstype@3.1.3", "", {}, "sha512-M1uQkMl8rQK/szD0LNhtqxIPLpimGm8sOBwU7lLnCpSbTyY3yeU1Vc7l4KT5zT4s/yOxHH5O7tIuuLOCnLADRw=="],

    "js-tokens": ["js-tokens@4.0.0", "", {}, "sha512-RdJUflcE3cUzKiMqQgsCu06FPu9UdIJO0beYbPhHN4k6apgJtifcoCtT9bcxOpYBtpD2kCM6Sbzg4CausW/PKQ=="],

    "loose-envify": ["loose-envify@1.4.0", "", { "dependencies": { "js-tokens": "^3.0.0 || ^4.0.0" }, "bin": { "loose-envify": "cli.js" } }, "sha512-lyuxPGr/Wfhrlem2CL/UcnUc1zcqKAImBDzukY7Y5F/yQiNdko6+fRLevlw1HgMySw7f611UIY408EtxRSoK3Q=="],

    "preact": ["preact@10.26.4", "", {}, "sha512-KJhO7LBFTjP71d83trW+Ilnjbo+ySsaAgCfXOXUlmGzJ4ygYPWmysm77yg4emwfmoz3b22yvH5IsVFHbhUaH5w=="],

    "react": ["react@18.3.1", "", { "dependencies": { "loose-envify": "^1.1.0" } }, "sha512-wS+hAgJShR0KhEvPJArfuPVN1+Hz1t0Y6n5jLrGQbkb4urgPE/0Rve+1kMB1v/oWgHgm4WIcV+i7F2pTVj+2iQ=="],

    "regenerator-runtime": ["regenerator-runtime@0.14.1", "", {}, "sha512-dYnhHh0nJoMfnkZs6GmmhFknAGRrLznOu5nc9ML+EJxGvrx6H7teuevqVqCuPcPK//3eDrrjQhehXVx9cnkGdw=="],

    "rtl-css-js": ["rtl-css-js@1.16.1", "", { "dependencies": { "@babel/runtime": "^7.1.2" } }, "sha512-lRQgou1mu19e+Ya0LsTvKrVJ5TYUbqCVPAiImX3UfLTenarvPUl1QFdvu5Z3PYmHT9RCcwIfbjRQBntExyj3Zg=="],

    "stylis": ["stylis@4.3.6", "", {}, "sha512-yQ3rwFWRfwNUY7H5vpU0wfdkNSnvnJinhF9830Swlaxl03zsOjCfmX0ugac+3LtK0lYSgwL/KXc8oYL3mG4YFQ=="],

    "tslib": ["tslib@2.8.1", "", {}, "sha512-oJFu94HQb+KVduSUQL7wnpmqnfmLsOA/nAh6b6EH0wCEoK0/mPeXU6c3wKDV83MkOuHPRHtSXKKU99IBazS/2w=="],

    "typescript": ["typescript@5.8.2", "", { "bin": { "tsc": "bin/tsc", "tsserver": "bin/tsserver" } }, "sha512-aJn6wq13/afZp/jT9QZmwEjDqqvSGp1VT5GVg+f/t6/oVyrgXM6BY1h9BRh/O5p3PlUPAe+WuiEZOmb/49RqoQ=="],

    "undici-types": ["undici-types@6.20.0", "", {}, "sha512-Ny6QZ2Nju20vw1SRHe3d9jVu6gJ+4e3+MMpqu7pqE5HT6WsTSlce++GQmK5UXS8mzV8DSYHrQH+Xrf2jVcuKNg=="],
  }
}
